// !$*UTF8*$!
{
	archiveVersion = 1;
	classes = {
	};
	objectVersion = 46;
	objects = {

/* Begin PBXBuildFile section */
		4135004B1C3AAFC1005A956A /* main.m in Sources */ = {isa = PBXBuildFile; fileRef = 4135004A1C3AAFC1005A956A /* main.m */; };
		4135004E1C3AAFC1005A956A /* AppDelegate.m in Sources */ = {isa = PBXBuildFile; fileRef = 4135004D1C3AAFC1005A956A /* AppDelegate.m */; };
		413500511C3AAFC1005A956A /* TableBookerApp.xcdatamodeld in Sources */ = {isa = PBXBuildFile; fileRef = 4135004F1C3AAFC1005A956A /* TableBookerApp.xcdatamodeld */; };
		413500541C3AAFC1005A956A /* ViewController.m in Sources */ = {isa = PBXBuildFile; fileRef = 413500531C3AAFC1005A956A /* ViewController.m */; };
		413500571C3AAFC1005A956A /* Main.storyboard in Resources */ = {isa = PBXBuildFile; fileRef = 413500551C3AAFC1005A956A /* Main.storyboard */; };
		413500591C3AAFC1005A956A /* Images.xcassets in Resources */ = {isa = PBXBuildFile; fileRef = 413500581C3AAFC1005A956A /* Images.xcassets */; };
		4135005C1C3AAFC1005A956A /* LaunchScreen.xib in Resources */ = {isa = PBXBuildFile; fileRef = 4135005A1C3AAFC1005A956A /* LaunchScreen.xib */; };
		413500681C3AAFC1005A956A /* TableBookerAppTests.m in Sources */ = {isa = PBXBuildFile; fileRef = 413500671C3AAFC1005A956A /* TableBookerAppTests.m */; };
		413500731C3ABD14005A956A /* Table.m in Sources */ = {isa = PBXBuildFile; fileRef = 413500721C3ABD14005A956A /* Table.m */; };
		413500761C3ABD15005A956A /* BookLog.m in Sources */ = {isa = PBXBuildFile; fileRef = 413500751C3ABD15005A956A /* BookLog.m */; };
		413500791C3ABD16005A956A /* Guest.m in Sources */ = {isa = PBXBuildFile; fileRef = 413500781C3ABD16005A956A /* Guest.m */; };
		417A90E51C4146E00024C940 /* PickerViewHelper.m in Sources */ = {isa = PBXBuildFile; fileRef = 417A90E41C4146E00024C940 /* PickerViewHelper.m */; };
/* End PBXBuildFile section */

/* Begin PBXContainerItemProxy section */
		413500621C3AAFC1005A956A /* PBXContainerItemProxy */ = {
			isa = PBXContainerItemProxy;
			containerPortal = 4135003D1C3AAFC0005A956A /* Project object */;
			proxyType = 1;
			remoteGlobalIDString = 413500441C3AAFC0005A956A;
			remoteInfo = TableBookerApp;
		};
/* End PBXContainerItemProxy section */

/* Begin PBXFileReference section */
		413500451C3AAFC0005A956A /* TableBookerApp.app */ = {isa = PBXFileReference; explicitFileType = wrapper.application; includeInIndex = 0; path = TableBookerApp.app; sourceTree = BUILT_PRODUCTS_DIR; };
		413500491C3AAFC0005A956A /* Info.plist */ = {isa = PBXFileReference; lastKnownFileType = text.plist.xml; path = Info.plist; sourceTree = "<group>"; };
		4135004A1C3AAFC1005A956A /* main.m */ = {isa = PBXFileReference; lastKnownFileType = sourcecode.c.objc; path = main.m; sourceTree = "<group>"; };
		4135004C1C3AAFC1005A956A /* AppDelegate.h */ = {isa = PBXFileReference; lastKnownFileType = sourcecode.c.h; path = AppDelegate.h; sourceTree = "<group>"; };
		4135004D1C3AAFC1005A956A /* AppDelegate.m */ = {isa = PBXFileReference; lastKnownFileType = sourcecode.c.objc; path = AppDelegate.m; sourceTree = "<group>"; };
		413500501C3AAFC1005A956A /* TableBookerApp.xcdatamodel */ = {isa = PBXFileReference; lastKnownFileType = wrapper.xcdatamodel; path = TableBookerApp.xcdatamodel; sourceTree = "<group>"; };
		413500521C3AAFC1005A956A /* ViewController.h */ = {isa = PBXFileReference; lastKnownFileType = sourcecode.c.h; path = ViewController.h; sourceTree = "<group>"; };
		413500531C3AAFC1005A956A /* ViewController.m */ = {isa = PBXFileReference; lastKnownFileType = sourcecode.c.objc; path = ViewController.m; sourceTree = "<group>"; };
		413500561C3AAFC1005A956A /* Base */ = {isa = PBXFileReference; lastKnownFileType = file.storyboard; name = Base; path = Base.lproj/Main.storyboard; sourceTree = "<group>"; };
		413500581C3AAFC1005A956A /* Images.xcassets */ = {isa = PBXFileReference; lastKnownFileType = folder.assetcatalog; path = Images.xcassets; sourceTree = "<group>"; };
		4135005B1C3AAFC1005A956A /* Base */ = {isa = PBXFileReference; lastKnownFileType = file.xib; name = Base; path = Base.lproj/LaunchScreen.xib; sourceTree = "<group>"; };
		413500611C3AAFC1005A956A /* TableBookerAppTests.xctest */ = {isa = PBXFileReference; explicitFileType = wrapper.cfbundle; includeInIndex = 0; path = TableBookerAppTests.xctest; sourceTree = BUILT_PRODUCTS_DIR; };
		413500661C3AAFC1005A956A /* Info.plist */ = {isa = PBXFileReference; lastKnownFileType = text.plist.xml; path = Info.plist; sourceTree = "<group>"; };
		413500671C3AAFC1005A956A /* TableBookerAppTests.m */ = {isa = PBXFileReference; lastKnownFileType = sourcecode.c.objc; path = TableBookerAppTests.m; sourceTree = "<group>"; };
		413500711C3ABD14005A956A /* Table.h */ = {isa = PBXFileReference; fileEncoding = 4; lastKnownFileType = sourcecode.c.h; path = Table.h; sourceTree = "<group>"; };
		413500721C3ABD14005A956A /* Table.m */ = {isa = PBXFileReference; fileEncoding = 4; lastKnownFileType = sourcecode.c.objc; path = Table.m; sourceTree = "<group>"; };
		413500741C3ABD15005A956A /* BookLog.h */ = {isa = PBXFileReference; fileEncoding = 4; lastKnownFileType = sourcecode.c.h; path = BookLog.h; sourceTree = "<group>"; };
		413500751C3ABD15005A956A /* BookLog.m */ = {isa = PBXFileReference; fileEncoding = 4; lastKnownFileType = sourcecode.c.objc; path = BookLog.m; sourceTree = "<group>"; };
		413500771C3ABD16005A956A /* Guest.h */ = {isa = PBXFileReference; fileEncoding = 4; lastKnownFileType = sourcecode.c.h; path = Guest.h; sourceTree = "<group>"; };
		413500781C3ABD16005A956A /* Guest.m */ = {isa = PBXFileReference; fileEncoding = 4; lastKnownFileType = sourcecode.c.objc; path = Guest.m; sourceTree = "<group>"; };
		417A90E31C4146E00024C940 /* PickerViewHelper.h */ = {isa = PBXFileReference; fileEncoding = 4; lastKnownFileType = sourcecode.c.h; path = PickerViewHelper.h; sourceTree = "<group>"; };
		417A90E41C4146E00024C940 /* PickerViewHelper.m */ = {isa = PBXFileReference; fileEncoding = 4; lastKnownFileType = sourcecode.c.objc; path = PickerViewHelper.m; sourceTree = "<group>"; };
/* End PBXFileReference section */

/* Begin PBXFrameworksBuildPhase section */
		413500421C3AAFC0005A956A /* Frameworks */ = {
			isa = PBXFrameworksBuildPhase;
			buildActionMask = 2147483647;
			files = (
			);
			runOnlyForDeploymentPostprocessing = 0;
		};
		4135005E1C3AAFC1005A956A /* Frameworks */ = {
			isa = PBXFrameworksBuildPhase;
			buildActionMask = 2147483647;
			files = (
			);
			runOnlyForDeploymentPostprocessing = 0;
		};
/* End PBXFrameworksBuildPhase section */

/* Begin PBXGroup section */
		4135003C1C3AAFC0005A956A = {
			isa = PBXGroup;
			children = (
				413500471C3AAFC0005A956A /* TableBookerApp */,
				413500641C3AAFC1005A956A /* TableBookerAppTests */,
				413500461C3AAFC0005A956A /* Products */,
			);
			sourceTree = "<group>";
		};
		413500461C3AAFC0005A956A /* Products */ = {
			isa = PBXGroup;
			children = (
				413500451C3AAFC0005A956A /* TableBookerApp.app */,
				413500611C3AAFC1005A956A /* TableBookerAppTests.xctest */,
			);
			name = Products;
			sourceTree = "<group>";
		};
		413500471C3AAFC0005A956A /* TableBookerApp */ = {
			isa = PBXGroup;
			children = (
				4135004C1C3AAFC1005A956A /* AppDelegate.h */,
				4135004D1C3AAFC1005A956A /* AppDelegate.m */,
				413500521C3AAFC1005A956A /* ViewController.h */,
				413500531C3AAFC1005A956A /* ViewController.m */,
				417A90E31C4146E00024C940 /* PickerViewHelper.h */,
				417A90E41C4146E00024C940 /* PickerViewHelper.m */,
				413500551C3AAFC1005A956A /* Main.storyboard */,
				413500581C3AAFC1005A956A /* Images.xcassets */,
				4135005A1C3AAFC1005A956A /* LaunchScreen.xib */,
				4135004F1C3AAFC1005A956A /* TableBookerApp.xcdatamodeld */,
				413500771C3ABD16005A956A /* Guest.h */,
				413500781C3ABD16005A956A /* Guest.m */,
				413500741C3ABD15005A956A /* BookLog.h */,
				413500751C3ABD15005A956A /* BookLog.m */,
				413500711C3ABD14005A956A /* Table.h */,
				413500721C3ABD14005A956A /* Table.m */,
				413500481C3AAFC0005A956A /* Supporting Files */,
			);
			path = TableBookerApp;
			sourceTree = "<group>";
		};
		413500481C3AAFC0005A956A /* Supporting Files */ = {
			isa = PBXGroup;
			children = (
				413500491C3AAFC0005A956A /* Info.plist */,
				4135004A1C3AAFC1005A956A /* main.m */,
			);
			name = "Supporting Files";
			sourceTree = "<group>";
		};
		413500641C3AAFC1005A956A /* TableBookerAppTests */ = {
			isa = PBXGroup;
			children = (
				413500671C3AAFC1005A956A /* TableBookerAppTests.m */,
				413500651C3AAFC1005A956A /* Supporting Files */,
			);
			path = TableBookerAppTests;
			sourceTree = "<group>";
		};
		413500651C3AAFC1005A956A /* Supporting Files */ = {
			isa = PBXGroup;
			children = (
				413500661C3AAFC1005A956A /* Info.plist */,
			);
			name = "Supporting Files";
			sourceTree = "<group>";
		};
/* End PBXGroup section */

/* Begin PBXNativeTarget section */
		413500441C3AAFC0005A956A /* TableBookerApp */ = {
			isa = PBXNativeTarget;
			buildConfigurationList = 4135006B1C3AAFC1005A956A /* Build configuration list for PBXNativeTarget "TableBookerApp" */;
			buildPhases = (
				413500411C3AAFC0005A956A /* Sources */,
				413500421C3AAFC0005A956A /* Frameworks */,
				413500431C3AAFC0005A956A /* Resources */,
			);
			buildRules = (
			);
			dependencies = (
			);
			name = TableBookerApp;
			productName = TableBookerApp;
			productReference = 413500451C3AAFC0005A956A /* TableBookerApp.app */;
			productType = "com.apple.product-type.application";
		};
		413500601C3AAFC1005A956A /* TableBookerAppTests */ = {
			isa = PBXNativeTarget;
			buildConfigurationList = 4135006E1C3AAFC1005A956A /* Build configuration list for PBXNativeTarget "TableBookerAppTests" */;
			buildPhases = (
				4135005D1C3AAFC1005A956A /* Sources */,
				4135005E1C3AAFC1005A956A /* Frameworks */,
				4135005F1C3AAFC1005A956A /* Resources */,
			);
			buildRules = (
			);
			dependencies = (
				413500631C3AAFC1005A956A /* PBXTargetDependency */,
			);
			name = TableBookerAppTests;
			productName = TableBookerAppTests;
			productReference = 413500611C3AAFC1005A956A /* TableBookerAppTests.xctest */;
			productType = "com.apple.product-type.bundle.unit-test";
		};
/* End PBXNativeTarget section */

/* Begin PBXProject section */
		4135003D1C3AAFC0005A956A /* Project object */ = {
			isa = PBXProject;
			attributes = {
				LastUpgradeCheck = 0600;
				ORGANIZATIONNAME = Andres;
				TargetAttributes = {
					413500441C3AAFC0005A956A = {
						CreatedOnToolsVersion = 6.0.1;
					};
					413500601C3AAFC1005A956A = {
						CreatedOnToolsVersion = 6.0.1;
						TestTargetID = 413500441C3AAFC0005A956A;
					};
				};
			};
			buildConfigurationList = 413500401C3AAFC0005A956A /* Build configuration list for PBXProject "TableBookerApp" */;
			compatibilityVersion = "Xcode 3.2";
			developmentRegion = English;
			hasScannedForEncodings = 0;
			knownRegions = (
				en,
				Base,
			);
			mainGroup = 4135003C1C3AAFC0005A956A;
			productRefGroup = 413500461C3AAFC0005A956A /* Products */;
			projectDirPath = "";
			projectRoot = "";
			targets = (
				413500441C3AAFC0005A956A /* TableBookerApp */,
				413500601C3AAFC1005A956A /* TableBookerAppTests */,
			);
		};
/* End PBXProject section */

/* Begin PBXResourcesBuildPhase section */
		413500431C3AAFC0005A956A /* Resources */ = {
			isa = PBXResourcesBuildPhase;
			buildActionMask = 2147483647;
			files = (
				413500571C3AAFC1005A956A /* Main.storyboard in Resources */,
				4135005C1C3AAFC1005A956A /* LaunchScreen.xib in Resources */,
				413500591C3AAFC1005A956A /* Images.xcassets in Resources */,
			);
			runOnlyForDeploymentPostprocessing = 0;
		};
		4135005F1C3AAFC1005A956A /* Resources */ = {
			isa = PBXResourcesBuildPhase;
			buildActionMask = 2147483647;
			files = (
			);
			runOnlyForDeploymentPostprocessing = 0;
		};
/* End PBXResourcesBuildPhase section */

/* Begin PBXSourcesBuildPhase section */
		413500411C3AAFC0005A956A /* Sources */ = {
			isa = PBXSourcesBuildPhase;
			buildActionMask = 2147483647;
			files = (
				4135004E1C3AAFC1005A956A /* AppDelegate.m in Sources */,
				4135004B1C3AAFC1005A956A /* main.m in Sources */,
				413500791C3ABD16005A956A /* Guest.m in Sources */,
				413500541C3AAFC1005A956A /* ViewController.m in Sources */,
				413500761C3ABD15005A956A /* BookLog.m in Sources */,
				413500731C3ABD14005A956A /* Table.m in Sources */,
				417A90E51C4146E00024C940 /* PickerViewHelper.m in Sources */,
				413500511C3AAFC1005A956A /* TableBookerApp.xcdatamodeld in Sources */,
			);
			runOnlyForDeploymentPostprocessing = 0;
		};
		4135005D1C3AAFC1005A956A /* Sources */ = {
			isa = PBXSourcesBuildPhase;
			buildActionMask = 2147483647;
			files = (
				413500681C3AAFC1005A956A /* TableBookerAppTests.m in Sources */,
			);
			runOnlyForDeploymentPostprocessing = 0;
		};
/* End PBXSourcesBuildPhase section */

/* Begin PBXTargetDependency section */
		413500631C3AAFC1005A956A /* PBXTargetDependency */ = {
			isa = PBXTargetDependency;
			target = 413500441C3AAFC0005A956A /* TableBookerApp */;
			targetProxy = 413500621C3AAFC1005A956A /* PBXContainerItemProxy */;
		};
/* End PBXTargetDependency section */

/* Begin PBXVariantGroup section */
		413500551C3AAFC1005A956A /* Main.storyboard */ = {
			isa = PBXVariantGroup;
			children = (
				413500561C3AAFC1005A956A /* Base */,
			);
			name = Main.storyboard;
			sourceTree = "<group>";
		};
		4135005A1C3AAFC1005A956A /* LaunchScreen.xib */ = {
			isa = PBXVariantGroup;
			children = (
				4135005B1C3AAFC1005A956A /* Base */,
			);
			name = LaunchScreen.xib;
			sourceTree = "<group>";
		};
/* End PBXVariantGroup section */

/* Begin XCBuildConfiguration section */
		413500691C3AAFC1005A956A /* Debug */ = {
			isa = XCBuildConfiguration;
			buildSettings = {
				ALWAYS_SEARCH_USER_PATHS = NO;
				CLANG_CXX_LANGUAGE_STANDARD = "gnu++0x";
				CLANG_CXX_LIBRARY = "libc++";
				CLANG_ENABLE_MODULES = YES;
				CLANG_ENABLE_OBJC_ARC = YES;
				CLANG_WARN_BOOL_CONVERSION = YES;
				CLANG_WARN_CONSTANT_CONVERSION = YES;
				CLANG_WARN_DIRECT_OBJC_ISA_USAGE = YES_ERROR;
				CLANG_WARN_EMPTY_BODY = YES;
				CLANG_WARN_ENUM_CONVERSION = YES;
				CLANG_WARN_INT_CONVERSION = YES;
				CLANG_WARN_OBJC_ROOT_CLASS = YES_ERROR;
				CLANG_WARN_UNREACHABLE_CODE = YES;
				CLANG_WARN__DUPLICATE_METHOD_MATCH = YES;
				"CODE_SIGN_IDENTITY[sdk=iphoneos*]" = "iPhone Developer";
				COPY_PHASE_STRIP = NO;
				ENABLE_STRICT_OBJC_MSGSEND = YES;
				GCC_C_LANGUAGE_STANDARD = gnu99;
				GCC_DYNAMIC_NO_PIC = NO;
				GCC_OPTIMIZATION_LEVEL = 0;
				GCC_PREPROCESSOR_DEFINITIONS = (
					"DEBUG=1",
					"$(inherited)",
				);
				GCC_SYMBOLS_PRIVATE_EXTERN = NO;
				GCC_WARN_64_TO_32_BIT_CONVERSION = YES;
				GCC_WARN_ABOUT_RETURN_TYPE = YES_ERROR;
				GCC_WARN_UNDECLARED_SELECTOR = YES;
				GCC_WARN_UNINITIALIZED_AUTOS = YES_AGGRESSIVE;
				GCC_WARN_UNUSED_FUNCTION = YES;
				GCC_WARN_UNUSED_VARIABLE = YES;
				IPHONEOS_DEPLOYMENT_TARGET = 8.0;
				MTL_ENABLE_DEBUG_INFO = YES;
				ONLY_ACTIVE_ARCH = YES;
				SDKROOT = iphoneos;
				TARGETED_DEVICE_FAMILY = "1,2";
			};
			name = Debug;
		};
		4135006A1C3AAFC1005A956A /* Release */ = {
			isa = XCBuildConfiguration;
			buildSettings = {
				ALWAYS_SEARCH_USER_PATHS = NO;
				CLANG_CXX_LANGUAGE_STANDARD = "gnu++0x";
				CLANG_CXX_LIBRARY = "libc++";
				CLANG_ENABLE_MODULES = YES;
				CLANG_ENABLE_OBJC_ARC = YES;
				CLANG_WARN_BOOL_CONVERSION = YES;
				CLANG_WARN_CONSTANT_CONVERSION = YES;
				CLANG_WARN_DIRECT_OBJC_ISA_USAGE = YES_ERROR;
				CLANG_WARN_EMPTY_BODY = YES;
				CLANG_WARN_ENUM_CONVERSION = YES;
				CLANG_WARN_INT_CONVERSION = YES;
				CLANG_WARN_OBJC_ROOT_CLASS = YES_ERROR;
				CLANG_WARN_UNREACHABLE_CODE = YES;
				CLANG_WARN__DUPLICATE_METHOD_MATCH = YES;
				"CODE_SIGN_IDENTITY[sdk=iphoneos*]" = "iPhone Developer";
				COPY_PHASE_STRIP = YES;
				ENABLE_NS_ASSERTIONS = NO;
				ENABLE_STRICT_OBJC_MSGSEND = YES;
				GCC_C_LANGUAGE_STANDARD = gnu99;
				GCC_WARN_64_TO_32_BIT_CONVERSION = YES;
				GCC_WARN_ABOUT_RETURN_TYPE = YES_ERROR;
				GCC_WARN_UNDECLARED_SELECTOR = YES;
				GCC_WARN_UNINITIALIZED_AUTOS = YES_AGGRESSIVE;
				GCC_WARN_UNUSED_FUNCTION = YES;
				GCC_WARN_UNUSED_VARIABLE = YES;
				IPHONEOS_DEPLOYMENT_TARGET = 8.0;
				MTL_ENABLE_DEBUG_INFO = NO;
				SDKROOT = iphoneos;
				TARGETED_DEVICE_FAMILY = "1,2";
				VALIDATE_PRODUCT = YES;
			};
			name = Release;
		};
		4135006C1C3AAFC1005A956A /* Debug */ = {
			isa = XCBuildConfiguration;
			buildSettings = {
				ASSETCATALOG_COMPILER_APPICON_NAME = AppIcon;
				INFOPLIST_FILE = TableBookerApp/Info.plist;
				LD_RUNPATH_SEARCH_PATHS = "$(inherited) @executable_path/Frameworks";
				PRODUCT_NAME = "$(TARGET_NAME)";
			};
			name = Debug;
		};
		4135006D1C3AAFC1005A956A /* Release */ = {
			isa = XCBuildConfiguration;
			buildSettings = {
				ASSETCATALOG_COMPILER_APPICON_NAME = AppIcon;
				INFOPLIST_FILE = TableBookerApp/Info.plist;
				LD_RUNPATH_SEARCH_PATHS = "$(inherited) @executable_path/Frameworks";
				PRODUCT_NAME = "$(TARGET_NAME)";
			};
			name = Release;
		};
		4135006F1C3AAFC1005A956A /* Debug */ = {
			isa = XCBuildConfiguration;
			buildSettings = {
				BUNDLE_LOADER = "$(TEST_HOST)";
				FRAMEWORK_SEARCH_PATHS = (
					"$(SDKROOT)/Developer/Library/Frameworks",
					"$(inherited)",
				);
				GCC_PREPROCESSOR_DEFINITIONS = (
					"DEBUG=1",
					"$(inherited)",
				);
				INFOPLIST_FILE = TableBookerAppTests/Info.plist;
				LD_RUNPATH_SEARCH_PATHS = "$(inherited) @executable_path/Frameworks @loader_path/Frameworks";
				PRODUCT_NAME = "$(TARGET_NAME)";
				TEST_HOST = "$(BUILT_PRODUCTS_DIR)/TableBookerApp.app/TableBookerApp";
			};
			name = Debug;
		};
		413500701C3AAFC1005A956A /* Release */ = {
			isa = XCBuildConfiguration;
			buildSettings = {
				BUNDLE_LOADER = "$(TEST_HOST)";
				FRAMEWORK_SEARCH_PATHS = (
					"$(SDKROOT)/Developer/Library/Frameworks",
					"$(inherited)",
				);
				INFOPLIST_FILE = TableBookerAppTests/Info.plist;
				LD_RUNPATH_SEARCH_PATHS = "$(inherited) @executable_path/Frameworks @loader_path/Frameworks";
				PRODUCT_NAME = "$(TARGET_NAME)";
				TEST_HOST = "$(BUILT_PRODUCTS_DIR)/TableBookerApp.app/TableBookerApp";
			};
			name = Release;
		};
/* End XCBuildConfiguration section */

/* Begin XCConfigurationList section */
		413500401C3AAFC0005A956A /* Build configuration list for PBXProject "TableBookerApp" */ = {
			isa = XCConfigurationList;
			buildConfigurations = (
				413500691C3AAFC1005A956A /* Debug */,
				4135006A1C3AAFC1005A956A /* Release */,
			);
			defaultConfigurationIsVisible = 0;
			defaultConfigurationName = Release;
		};
		4135006B1C3AAFC1005A956A /* Build configuration list for PBXNativeTarget "TableBookerApp" */ = {
			isa = XCConfigurationList;
			buildConfigurations = (
				4135006C1C3AAFC1005A956A /* Debug */,
				4135006D1C3AAFC1005A956A /* Release */,
			);
			defaultConfigurationIsVisible = 0;
			defaultConfigurationName = Release;
		};
		4135006E1C3AAFC1005A956A /* Build configuration list for PBXNativeTarget "TableBookerAppTests" */ = {
			isa = XCConfigurationList;
			buildConfigurations = (
				4135006F1C3AAFC1005A956A /* Debug */,
				413500701C3AAFC1005A956A /* Release */,
			);
			defaultConfigurationIsVisible = 0;
			defaultConfigurationName = Release;
		};
/* End XCConfigurationList section */

/* Begin XCVersionGroup section */
		4135004F1C3AAFC1005A956A /* TableBookerApp.xcdatamodeld */ = {
			isa = XCVersionGroup;
			children = (
				413500501C3AAFC1005A956A /* TableBookerApp.xcdatamodel */,
			);
			currentVersion = 413500501C3AAFC1005A956A /* TableBookerApp.xcdatamodel */;
			path = TableBookerApp.xcdatamodeld;
			sourceTree = "<group>";
			versionGroupType = wrapper.xcdatamodel;
		};
/* End XCVersionGroup section */
	};
	rootObject = 4135003D1C3AAFC0005A956A /* Project object */;
}
